// !$*UTF8*$!
{
	archiveVersion = 1;
	classes = {
	};
	objectVersion = 50;
	objects = {

/* Begin PBXBuildFile section */
		4935F920220F8A7000DA0971 /* Collection.swift in Sources */ = {isa = PBXBuildFile; fileRef = 4935F91F220F8A7000DA0971 /* Collection.swift */; };
		493824912204F1C300B4FFEA /* AppDelegate.swift in Sources */ = {isa = PBXBuildFile; fileRef = 493824902204F1C300B4FFEA /* AppDelegate.swift */; };
		493824932204F1C300B4FFEA /* FlashCardViewController.swift in Sources */ = {isa = PBXBuildFile; fileRef = 493824922204F1C300B4FFEA /* FlashCardViewController.swift */; };
		493824962204F1C300B4FFEA /* Main.storyboard in Resources */ = {isa = PBXBuildFile; fileRef = 493824942204F1C300B4FFEA /* Main.storyboard */; };
		493824982204F1C900B4FFEA /* Assets.xcassets in Resources */ = {isa = PBXBuildFile; fileRef = 493824972204F1C900B4FFEA /* Assets.xcassets */; };
		4938249B2204F1C900B4FFEA /* LaunchScreen.storyboard in Resources */ = {isa = PBXBuildFile; fileRef = 493824992204F1C900B4FFEA /* LaunchScreen.storyboard */; };
		493824A62204F1C900B4FFEA /* FlashTests.swift in Sources */ = {isa = PBXBuildFile; fileRef = 493824A52204F1C900B4FFEA /* FlashTests.swift */; };
		49B2199E22089CCC0076FBD9 /* Utility.swift in Sources */ = {isa = PBXBuildFile; fileRef = 49B2199D22089CCC0076FBD9 /* Utility.swift */; };
		49B219A1220A02C20076FBD9 /* Card.swift in Sources */ = {isa = PBXBuildFile; fileRef = 49B219A0220A02C20076FBD9 /* Card.swift */; };
		49B219A3220A03770076FBD9 /* Deck.swift in Sources */ = {isa = PBXBuildFile; fileRef = 49B219A2220A03770076FBD9 /* Deck.swift */; };
		49B219A6220A1B160076FBD9 /* CardView.swift in Sources */ = {isa = PBXBuildFile; fileRef = 49B219A5220A1B160076FBD9 /* CardView.swift */; };
		49B219A8220A1D4C0076FBD9 /* CardView+Card.swift in Sources */ = {isa = PBXBuildFile; fileRef = 49B219A7220A1D4C0076FBD9 /* CardView+Card.swift */; };
		49B219AB220C92830076FBD9 /* FlashDecksViewController.swift in Sources */ = {isa = PBXBuildFile; fileRef = 49B219AA220C92830076FBD9 /* FlashDecksViewController.swift */; };
		49B219AE220C94280076FBD9 /* DeckCell.swift in Sources */ = {isa = PBXBuildFile; fileRef = 49B219AD220C94280076FBD9 /* DeckCell.swift */; };
		49B219B0220E364C0076FBD9 /* FlashDeckDetailViewController.swift in Sources */ = {isa = PBXBuildFile; fileRef = 49B219AF220E364B0076FBD9 /* FlashDeckDetailViewController.swift */; };
		49B219B2220E37700076FBD9 /* CardCell.swift in Sources */ = {isa = PBXBuildFile; fileRef = 49B219B1220E37700076FBD9 /* CardCell.swift */; };
		49B219B4220E55ED0076FBD9 /* AddDeckViewController.swift in Sources */ = {isa = PBXBuildFile; fileRef = 49B219B3220E55ED0076FBD9 /* AddDeckViewController.swift */; };
		49B219B6220E55FD0076FBD9 /* AddCardViewController.swift in Sources */ = {isa = PBXBuildFile; fileRef = 49B219B5220E55FD0076FBD9 /* AddCardViewController.swift */; };
		BDD42F17256A1A6E06A187B4 /* Pods_Flash.framework in Frameworks */ = {isa = PBXBuildFile; fileRef = 334A7CCF1808A037B8705694 /* Pods_Flash.framework */; };
		F2F38F0359E83AA235719375 /* Pods_FlashTests.framework in Frameworks */ = {isa = PBXBuildFile; fileRef = A7D7C42B9F05498B47528B93 /* Pods_FlashTests.framework */; };
/* End PBXBuildFile section */

/* Begin PBXContainerItemProxy section */
		493824A22204F1C900B4FFEA /* PBXContainerItemProxy */ = {
			isa = PBXContainerItemProxy;
			containerPortal = 493824852204F1C300B4FFEA /* Project object */;
			proxyType = 1;
			remoteGlobalIDString = 4938248C2204F1C300B4FFEA;
			remoteInfo = Flash;
		};
/* End PBXContainerItemProxy section */

/* Begin PBXFileReference section */
		334A7CCF1808A037B8705694 /* Pods_Flash.framework */ = {isa = PBXFileReference; explicitFileType = wrapper.framework; includeInIndex = 0; path = Pods_Flash.framework; sourceTree = BUILT_PRODUCTS_DIR; };
		4935F91F220F8A7000DA0971 /* Collection.swift */ = {isa = PBXFileReference; lastKnownFileType = sourcecode.swift; path = Collection.swift; sourceTree = "<group>"; };
		4938248D2204F1C300B4FFEA /* Flash.app */ = {isa = PBXFileReference; explicitFileType = wrapper.application; includeInIndex = 0; path = Flash.app; sourceTree = BUILT_PRODUCTS_DIR; };
		493824902204F1C300B4FFEA /* AppDelegate.swift */ = {isa = PBXFileReference; lastKnownFileType = sourcecode.swift; path = AppDelegate.swift; sourceTree = "<group>"; };
		493824922204F1C300B4FFEA /* FlashCardViewController.swift */ = {isa = PBXFileReference; lastKnownFileType = sourcecode.swift; path = FlashCardViewController.swift; sourceTree = "<group>"; };
		493824952204F1C300B4FFEA /* Base */ = {isa = PBXFileReference; lastKnownFileType = file.storyboard; name = Base; path = Base.lproj/Main.storyboard; sourceTree = "<group>"; };
		493824972204F1C900B4FFEA /* Assets.xcassets */ = {isa = PBXFileReference; lastKnownFileType = folder.assetcatalog; path = Assets.xcassets; sourceTree = "<group>"; };
		4938249A2204F1C900B4FFEA /* Base */ = {isa = PBXFileReference; lastKnownFileType = file.storyboard; name = Base; path = Base.lproj/LaunchScreen.storyboard; sourceTree = "<group>"; };
		4938249C2204F1C900B4FFEA /* Info.plist */ = {isa = PBXFileReference; lastKnownFileType = text.plist.xml; path = Info.plist; sourceTree = "<group>"; };
		493824A12204F1C900B4FFEA /* FlashTests.xctest */ = {isa = PBXFileReference; explicitFileType = wrapper.cfbundle; includeInIndex = 0; path = FlashTests.xctest; sourceTree = BUILT_PRODUCTS_DIR; };
		493824A52204F1C900B4FFEA /* FlashTests.swift */ = {isa = PBXFileReference; lastKnownFileType = sourcecode.swift; path = FlashTests.swift; sourceTree = "<group>"; };
		493824A72204F1C900B4FFEA /* Info.plist */ = {isa = PBXFileReference; lastKnownFileType = text.plist.xml; path = Info.plist; sourceTree = "<group>"; };
		49B2199D22089CCC0076FBD9 /* Utility.swift */ = {isa = PBXFileReference; lastKnownFileType = sourcecode.swift; path = Utility.swift; sourceTree = "<group>"; };
		49B219A0220A02C20076FBD9 /* Card.swift */ = {isa = PBXFileReference; lastKnownFileType = sourcecode.swift; path = Card.swift; sourceTree = "<group>"; };
		49B219A2220A03770076FBD9 /* Deck.swift */ = {isa = PBXFileReference; lastKnownFileType = sourcecode.swift; path = Deck.swift; sourceTree = "<group>"; };
		49B219A5220A1B160076FBD9 /* CardView.swift */ = {isa = PBXFileReference; lastKnownFileType = sourcecode.swift; path = CardView.swift; sourceTree = "<group>"; };
		49B219A7220A1D4C0076FBD9 /* CardView+Card.swift */ = {isa = PBXFileReference; lastKnownFileType = sourcecode.swift; path = "CardView+Card.swift"; sourceTree = "<group>"; };
		49B219AA220C92830076FBD9 /* FlashDecksViewController.swift */ = {isa = PBXFileReference; lastKnownFileType = sourcecode.swift; path = FlashDecksViewController.swift; sourceTree = "<group>"; };
		49B219AD220C94280076FBD9 /* DeckCell.swift */ = {isa = PBXFileReference; lastKnownFileType = sourcecode.swift; path = DeckCell.swift; sourceTree = "<group>"; };
		49B219AF220E364B0076FBD9 /* FlashDeckDetailViewController.swift */ = {isa = PBXFileReference; lastKnownFileType = sourcecode.swift; path = FlashDeckDetailViewController.swift; sourceTree = "<group>"; };
		49B219B1220E37700076FBD9 /* CardCell.swift */ = {isa = PBXFileReference; lastKnownFileType = sourcecode.swift; path = CardCell.swift; sourceTree = "<group>"; };
		49B219B3220E55ED0076FBD9 /* AddDeckViewController.swift */ = {isa = PBXFileReference; lastKnownFileType = sourcecode.swift; path = AddDeckViewController.swift; sourceTree = "<group>"; };
		49B219B5220E55FD0076FBD9 /* AddCardViewController.swift */ = {isa = PBXFileReference; lastKnownFileType = sourcecode.swift; path = AddCardViewController.swift; sourceTree = "<group>"; };
		69F3D243676D9D0C4F8240CB /* Pods-Flash.debug.xcconfig */ = {isa = PBXFileReference; includeInIndex = 1; lastKnownFileType = text.xcconfig; name = "Pods-Flash.debug.xcconfig"; path = "Pods/Target Support Files/Pods-Flash/Pods-Flash.debug.xcconfig"; sourceTree = "<group>"; };
		9C5807DD6B1E8B98AE59DA73 /* Pods-FlashTests.debug.xcconfig */ = {isa = PBXFileReference; includeInIndex = 1; lastKnownFileType = text.xcconfig; name = "Pods-FlashTests.debug.xcconfig"; path = "Pods/Target Support Files/Pods-FlashTests/Pods-FlashTests.debug.xcconfig"; sourceTree = "<group>"; };
		A7D7C42B9F05498B47528B93 /* Pods_FlashTests.framework */ = {isa = PBXFileReference; explicitFileType = wrapper.framework; includeInIndex = 0; path = Pods_FlashTests.framework; sourceTree = BUILT_PRODUCTS_DIR; };
		BC3B42681844013D6BC5E977 /* Pods-Flash.release.xcconfig */ = {isa = PBXFileReference; includeInIndex = 1; lastKnownFileType = text.xcconfig; name = "Pods-Flash.release.xcconfig"; path = "Pods/Target Support Files/Pods-Flash/Pods-Flash.release.xcconfig"; sourceTree = "<group>"; };
		D09178816DCAA4D2FC7A862C /* Pods-FlashTests.release.xcconfig */ = {isa = PBXFileReference; includeInIndex = 1; lastKnownFileType = text.xcconfig; name = "Pods-FlashTests.release.xcconfig"; path = "Pods/Target Support Files/Pods-FlashTests/Pods-FlashTests.release.xcconfig"; sourceTree = "<group>"; };
/* End PBXFileReference section */

/* Begin PBXFrameworksBuildPhase section */
		4938248A2204F1C300B4FFEA /* Frameworks */ = {
			isa = PBXFrameworksBuildPhase;
			buildActionMask = 2147483647;
			files = (
				BDD42F17256A1A6E06A187B4 /* Pods_Flash.framework in Frameworks */,
			);
			runOnlyForDeploymentPostprocessing = 0;
		};
		4938249E2204F1C900B4FFEA /* Frameworks */ = {
			isa = PBXFrameworksBuildPhase;
			buildActionMask = 2147483647;
			files = (
				F2F38F0359E83AA235719375 /* Pods_FlashTests.framework in Frameworks */,
			);
			runOnlyForDeploymentPostprocessing = 0;
		};
/* End PBXFrameworksBuildPhase section */

/* Begin PBXGroup section */
		403758CB1F4FFE855DEB7072 /* Pods */ = {
			isa = PBXGroup;
			children = (
				69F3D243676D9D0C4F8240CB /* Pods-Flash.debug.xcconfig */,
				BC3B42681844013D6BC5E977 /* Pods-Flash.release.xcconfig */,
				9C5807DD6B1E8B98AE59DA73 /* Pods-FlashTests.debug.xcconfig */,
				D09178816DCAA4D2FC7A862C /* Pods-FlashTests.release.xcconfig */,
			);
			name = Pods;
			sourceTree = "<group>";
		};
		493824842204F1C300B4FFEA = {
			isa = PBXGroup;
			children = (
				4938248F2204F1C300B4FFEA /* Flash */,
				493824A42204F1C900B4FFEA /* FlashTests */,
				4938248E2204F1C300B4FFEA /* Products */,
				403758CB1F4FFE855DEB7072 /* Pods */,
				9742E8A503D3FE37E67A88A6 /* Frameworks */,
			);
			sourceTree = "<group>";
		};
		4938248E2204F1C300B4FFEA /* Products */ = {
			isa = PBXGroup;
			children = (
				4938248D2204F1C300B4FFEA /* Flash.app */,
				493824A12204F1C900B4FFEA /* FlashTests.xctest */,
			);
			name = Products;
			sourceTree = "<group>";
		};
		4938248F2204F1C300B4FFEA /* Flash */ = {
			isa = PBXGroup;
			children = (
				49B2199F220A02AC0076FBD9 /* Model */,
				49B219AC220C94050076FBD9 /* Cells */,
				49B219A9220C922A0076FBD9 /* View Controllers */,
				49B219A4220A1AFD0076FBD9 /* Views */,
				493824902204F1C300B4FFEA /* AppDelegate.swift */,
				493824942204F1C300B4FFEA /* Main.storyboard */,
				493824972204F1C900B4FFEA /* Assets.xcassets */,
				493824992204F1C900B4FFEA /* LaunchScreen.storyboard */,
				4938249C2204F1C900B4FFEA /* Info.plist */,
				49B2199D22089CCC0076FBD9 /* Utility.swift */,
			);
			path = Flash;
			sourceTree = "<group>";
		};
		493824A42204F1C900B4FFEA /* FlashTests */ = {
			isa = PBXGroup;
			children = (
				493824A52204F1C900B4FFEA /* FlashTests.swift */,
				493824A72204F1C900B4FFEA /* Info.plist */,
			);
			path = FlashTests;
			sourceTree = "<group>";
		};
		49B2199F220A02AC0076FBD9 /* Model */ = {
			isa = PBXGroup;
			children = (
				49B219A0220A02C20076FBD9 /* Card.swift */,
				49B219A2220A03770076FBD9 /* Deck.swift */,
				4935F91F220F8A7000DA0971 /* Collection.swift */,
			);
			path = Model;
			sourceTree = "<group>";
		};
		49B219A4220A1AFD0076FBD9 /* Views */ = {
			isa = PBXGroup;
			children = (
				49B219A5220A1B160076FBD9 /* CardView.swift */,
				49B219A7220A1D4C0076FBD9 /* CardView+Card.swift */,
			);
			path = Views;
			sourceTree = "<group>";
		};
		49B219A9220C922A0076FBD9 /* View Controllers */ = {
			isa = PBXGroup;
			children = (
				493824922204F1C300B4FFEA /* FlashCardViewController.swift */,
				49B219AA220C92830076FBD9 /* FlashDecksViewController.swift */,
				49B219AF220E364B0076FBD9 /* FlashDeckDetailViewController.swift */,
				49B219B3220E55ED0076FBD9 /* AddDeckViewController.swift */,
				49B219B5220E55FD0076FBD9 /* AddCardViewController.swift */,
			);
			path = "View Controllers";
			sourceTree = "<group>";
		};
		49B219AC220C94050076FBD9 /* Cells */ = {
			isa = PBXGroup;
			children = (
				49B219AD220C94280076FBD9 /* DeckCell.swift */,
				49B219B1220E37700076FBD9 /* CardCell.swift */,
			);
			path = Cells;
			sourceTree = "<group>";
		};
		9742E8A503D3FE37E67A88A6 /* Frameworks */ = {
			isa = PBXGroup;
			children = (
				334A7CCF1808A037B8705694 /* Pods_Flash.framework */,
				A7D7C42B9F05498B47528B93 /* Pods_FlashTests.framework */,
			);
			name = Frameworks;
			sourceTree = "<group>";
		};
/* End PBXGroup section */

/* Begin PBXNativeTarget section */
		4938248C2204F1C300B4FFEA /* Flash */ = {
			isa = PBXNativeTarget;
			buildConfigurationList = 493824AA2204F1C900B4FFEA /* Build configuration list for PBXNativeTarget "Flash" */;
			buildPhases = (
				8DC2365283D23B82AA1BAA7F /* [CP] Check Pods Manifest.lock */,
				493824892204F1C300B4FFEA /* Sources */,
				4938248A2204F1C300B4FFEA /* Frameworks */,
				4938248B2204F1C300B4FFEA /* Resources */,
				5987597E8F0B7BE921A6EFB0 /* [CP] Embed Pods Frameworks */,
			);
			buildRules = (
			);
			dependencies = (
			);
			name = Flash;
			productName = Flash;
			productReference = 4938248D2204F1C300B4FFEA /* Flash.app */;
			productType = "com.apple.product-type.application";
		};
		493824A02204F1C900B4FFEA /* FlashTests */ = {
			isa = PBXNativeTarget;
			buildConfigurationList = 493824AD2204F1C900B4FFEA /* Build configuration list for PBXNativeTarget "FlashTests" */;
			buildPhases = (
				D21A251AF798B6FF7579B418 /* [CP] Check Pods Manifest.lock */,
				4938249D2204F1C900B4FFEA /* Sources */,
				4938249E2204F1C900B4FFEA /* Frameworks */,
				4938249F2204F1C900B4FFEA /* Resources */,
			);
			buildRules = (
			);
			dependencies = (
				493824A32204F1C900B4FFEA /* PBXTargetDependency */,
			);
			name = FlashTests;
			productName = FlashTests;
			productReference = 493824A12204F1C900B4FFEA /* FlashTests.xctest */;
			productType = "com.apple.product-type.bundle.unit-test";
		};
/* End PBXNativeTarget section */

/* Begin PBXProject section */
		493824852204F1C300B4FFEA /* Project object */ = {
			isa = PBXProject;
			attributes = {
				LastSwiftUpdateCheck = 1010;
				LastUpgradeCheck = 1010;
				ORGANIZATIONNAME = 4DWare;
				TargetAttributes = {
					4938248C2204F1C300B4FFEA = {
						CreatedOnToolsVersion = 10.1;
					};
					493824A02204F1C900B4FFEA = {
						CreatedOnToolsVersion = 10.1;
						TestTargetID = 4938248C2204F1C300B4FFEA;
					};
				};
			};
			buildConfigurationList = 493824882204F1C300B4FFEA /* Build configuration list for PBXProject "Flash" */;
			compatibilityVersion = "Xcode 9.3";
			developmentRegion = en;
			hasScannedForEncodings = 0;
			knownRegions = (
				en,
				Base,
			);
			mainGroup = 493824842204F1C300B4FFEA;
			productRefGroup = 4938248E2204F1C300B4FFEA /* Products */;
			projectDirPath = "";
			projectRoot = "";
			targets = (
				4938248C2204F1C300B4FFEA /* Flash */,
				493824A02204F1C900B4FFEA /* FlashTests */,
			);
		};
/* End PBXProject section */

/* Begin PBXResourcesBuildPhase section */
		4938248B2204F1C300B4FFEA /* Resources */ = {
			isa = PBXResourcesBuildPhase;
			buildActionMask = 2147483647;
			files = (
				4938249B2204F1C900B4FFEA /* LaunchScreen.storyboard in Resources */,
				493824982204F1C900B4FFEA /* Assets.xcassets in Resources */,
				493824962204F1C300B4FFEA /* Main.storyboard in Resources */,
			);
			runOnlyForDeploymentPostprocessing = 0;
		};
		4938249F2204F1C900B4FFEA /* Resources */ = {
			isa = PBXResourcesBuildPhase;
			buildActionMask = 2147483647;
			files = (
			);
			runOnlyForDeploymentPostprocessing = 0;
		};
/* End PBXResourcesBuildPhase section */

/* Begin PBXShellScriptBuildPhase section */
		5987597E8F0B7BE921A6EFB0 /* [CP] Embed Pods Frameworks */ = {
			isa = PBXShellScriptBuildPhase;
			buildActionMask = 2147483647;
			files = (
			);
			inputPaths = (
				"${SRCROOT}/Pods/Target Support Files/Pods-Flash/Pods-Flash-frameworks.sh",
				"${BUILT_PRODUCTS_DIR}/SteviaLayout/Stevia.framework",
			);
			name = "[CP] Embed Pods Frameworks";
			outputPaths = (
				"${TARGET_BUILD_DIR}/${FRAMEWORKS_FOLDER_PATH}/Stevia.framework",
			);
			runOnlyForDeploymentPostprocessing = 0;
			shellPath = /bin/sh;
			shellScript = "\"${SRCROOT}/Pods/Target Support Files/Pods-Flash/Pods-Flash-frameworks.sh\"\n";
			showEnvVarsInLog = 0;
		};
		8DC2365283D23B82AA1BAA7F /* [CP] Check Pods Manifest.lock */ = {
			isa = PBXShellScriptBuildPhase;
			buildActionMask = 2147483647;
			files = (
			);
			inputPaths = (
				"${PODS_PODFILE_DIR_PATH}/Podfile.lock",
				"${PODS_ROOT}/Manifest.lock",
			);
			name = "[CP] Check Pods Manifest.lock";
			outputPaths = (
				"$(DERIVED_FILE_DIR)/Pods-Flash-checkManifestLockResult.txt",
			);
			runOnlyForDeploymentPostprocessing = 0;
			shellPath = /bin/sh;
			shellScript = "diff \"${PODS_PODFILE_DIR_PATH}/Podfile.lock\" \"${PODS_ROOT}/Manifest.lock\" > /dev/null\nif [ $? != 0 ] ; then\n    # print error to STDERR\n    echo \"error: The sandbox is not in sync with the Podfile.lock. Run 'pod install' or update your CocoaPods installation.\" >&2\n    exit 1\nfi\n# This output is used by Xcode 'outputs' to avoid re-running this script phase.\necho \"SUCCESS\" > \"${SCRIPT_OUTPUT_FILE_0}\"\n";
			showEnvVarsInLog = 0;
		};
		D21A251AF798B6FF7579B418 /* [CP] Check Pods Manifest.lock */ = {
			isa = PBXShellScriptBuildPhase;
			buildActionMask = 2147483647;
			files = (
			);
			inputPaths = (
				"${PODS_PODFILE_DIR_PATH}/Podfile.lock",
				"${PODS_ROOT}/Manifest.lock",
			);
			name = "[CP] Check Pods Manifest.lock";
			outputPaths = (
				"$(DERIVED_FILE_DIR)/Pods-FlashTests-checkManifestLockResult.txt",
			);
			runOnlyForDeploymentPostprocessing = 0;
			shellPath = /bin/sh;
			shellScript = "diff \"${PODS_PODFILE_DIR_PATH}/Podfile.lock\" \"${PODS_ROOT}/Manifest.lock\" > /dev/null\nif [ $? != 0 ] ; then\n    # print error to STDERR\n    echo \"error: The sandbox is not in sync with the Podfile.lock. Run 'pod install' or update your CocoaPods installation.\" >&2\n    exit 1\nfi\n# This output is used by Xcode 'outputs' to avoid re-running this script phase.\necho \"SUCCESS\" > \"${SCRIPT_OUTPUT_FILE_0}\"\n";
			showEnvVarsInLog = 0;
		};
/* End PBXShellScriptBuildPhase section */

/* Begin PBXSourcesBuildPhase section */
		493824892204F1C300B4FFEA /* Sources */ = {
			isa = PBXSourcesBuildPhase;
			buildActionMask = 2147483647;
			files = (
				49B219AB220C92830076FBD9 /* FlashDecksViewController.swift in Sources */,
				49B219B4220E55ED0076FBD9 /* AddDeckViewController.swift in Sources */,
				493824932204F1C300B4FFEA /* FlashCardViewController.swift in Sources */,
				493824912204F1C300B4FFEA /* AppDelegate.swift in Sources */,
				49B219B0220E364C0076FBD9 /* FlashDeckDetailViewController.swift in Sources */,
				4935F920220F8A7000DA0971 /* Collection.swift in Sources */,
				49B219AE220C94280076FBD9 /* DeckCell.swift in Sources */,
				49B219B6220E55FD0076FBD9 /* AddCardViewController.swift in Sources */,
				49B219A3220A03770076FBD9 /* Deck.swift in Sources */,
				49B219A1220A02C20076FBD9 /* Card.swift in Sources */,
				49B219B2220E37700076FBD9 /* CardCell.swift in Sources */,
				49B219A8220A1D4C0076FBD9 /* CardView+Card.swift in Sources */,
				49B219A6220A1B160076FBD9 /* CardView.swift in Sources */,
				49B2199E22089CCC0076FBD9 /* Utility.swift in Sources */,
			);
			runOnlyForDeploymentPostprocessing = 0;
		};
		4938249D2204F1C900B4FFEA /* Sources */ = {
			isa = PBXSourcesBuildPhase;
			buildActionMask = 2147483647;
			files = (
				493824A62204F1C900B4FFEA /* FlashTests.swift in Sources */,
			);
			runOnlyForDeploymentPostprocessing = 0;
		};
/* End PBXSourcesBuildPhase section */

/* Begin PBXTargetDependency section */
		493824A32204F1C900B4FFEA /* PBXTargetDependency */ = {
			isa = PBXTargetDependency;
			target = 4938248C2204F1C300B4FFEA /* Flash */;
			targetProxy = 493824A22204F1C900B4FFEA /* PBXContainerItemProxy */;
		};
/* End PBXTargetDependency section */

/* Begin PBXVariantGroup section */
		493824942204F1C300B4FFEA /* Main.storyboard */ = {
			isa = PBXVariantGroup;
			children = (
				493824952204F1C300B4FFEA /* Base */,
			);
			name = Main.storyboard;
			sourceTree = "<group>";
		};
		493824992204F1C900B4FFEA /* LaunchScreen.storyboard */ = {
			isa = PBXVariantGroup;
			children = (
				4938249A2204F1C900B4FFEA /* Base */,
			);
			name = LaunchScreen.storyboard;
			sourceTree = "<group>";
		};
/* End PBXVariantGroup section */

/* Begin XCBuildConfiguration section */
		493824A82204F1C900B4FFEA /* Debug */ = {
			isa = XCBuildConfiguration;
			buildSettings = {
				ALWAYS_SEARCH_USER_PATHS = NO;
				CLANG_ANALYZER_NONNULL = YES;
				CLANG_ANALYZER_NUMBER_OBJECT_CONVERSION = YES_AGGRESSIVE;
				CLANG_CXX_LANGUAGE_STANDARD = "gnu++14";
				CLANG_CXX_LIBRARY = "libc++";
				CLANG_ENABLE_MODULES = YES;
				CLANG_ENABLE_OBJC_ARC = YES;
				CLANG_ENABLE_OBJC_WEAK = YES;
				CLANG_WARN_BLOCK_CAPTURE_AUTORELEASING = YES;
				CLANG_WARN_BOOL_CONVERSION = YES;
				CLANG_WARN_COMMA = YES;
				CLANG_WARN_CONSTANT_CONVERSION = YES;
				CLANG_WARN_DEPRECATED_OBJC_IMPLEMENTATIONS = YES;
				CLANG_WARN_DIRECT_OBJC_ISA_USAGE = YES_ERROR;
				CLANG_WARN_DOCUMENTATION_COMMENTS = YES;
				CLANG_WARN_EMPTY_BODY = YES;
				CLANG_WARN_ENUM_CONVERSION = YES;
				CLANG_WARN_INFINITE_RECURSION = YES;
				CLANG_WARN_INT_CONVERSION = YES;
				CLANG_WARN_NON_LITERAL_NULL_CONVERSION = YES;
				CLANG_WARN_OBJC_IMPLICIT_RETAIN_SELF = YES;
				CLANG_WARN_OBJC_LITERAL_CONVERSION = YES;
				CLANG_WARN_OBJC_ROOT_CLASS = YES_ERROR;
				CLANG_WARN_RANGE_LOOP_ANALYSIS = YES;
				CLANG_WARN_STRICT_PROTOTYPES = YES;
				CLANG_WARN_SUSPICIOUS_MOVE = YES;
				CLANG_WARN_UNGUARDED_AVAILABILITY = YES_AGGRESSIVE;
				CLANG_WARN_UNREACHABLE_CODE = YES;
				CLANG_WARN__DUPLICATE_METHOD_MATCH = YES;
				CODE_SIGN_IDENTITY = "iPhone Developer";
				COPY_PHASE_STRIP = NO;
				DEBUG_INFORMATION_FORMAT = dwarf;
				ENABLE_STRICT_OBJC_MSGSEND = YES;
				ENABLE_TESTABILITY = YES;
				GCC_C_LANGUAGE_STANDARD = gnu11;
				GCC_DYNAMIC_NO_PIC = NO;
				GCC_NO_COMMON_BLOCKS = YES;
				GCC_OPTIMIZATION_LEVEL = 0;
				GCC_PREPROCESSOR_DEFINITIONS = (
					"DEBUG=1",
					"$(inherited)",
				);
				GCC_WARN_64_TO_32_BIT_CONVERSION = YES;
				GCC_WARN_ABOUT_RETURN_TYPE = YES_ERROR;
				GCC_WARN_UNDECLARED_SELECTOR = YES;
				GCC_WARN_UNINITIALIZED_AUTOS = YES_AGGRESSIVE;
				GCC_WARN_UNUSED_FUNCTION = YES;
				GCC_WARN_UNUSED_VARIABLE = YES;
				IPHONEOS_DEPLOYMENT_TARGET = 12.1;
				MTL_ENABLE_DEBUG_INFO = INCLUDE_SOURCE;
				MTL_FAST_MATH = YES;
				ONLY_ACTIVE_ARCH = YES;
				SDKROOT = iphoneos;
				SWIFT_ACTIVE_COMPILATION_CONDITIONS = DEBUG;
				SWIFT_OPTIMIZATION_LEVEL = "-Onone";
			};
			name = Debug;
		};
		493824A92204F1C900B4FFEA /* Release */ = {
			isa = XCBuildConfiguration;
			buildSettings = {
				ALWAYS_SEARCH_USER_PATHS = NO;
				CLANG_ANALYZER_NONNULL = YES;
				CLANG_ANALYZER_NUMBER_OBJECT_CONVERSION = YES_AGGRESSIVE;
				CLANG_CXX_LANGUAGE_STANDARD = "gnu++14";
				CLANG_CXX_LIBRARY = "libc++";
				CLANG_ENABLE_MODULES = YES;
				CLANG_ENABLE_OBJC_ARC = YES;
				CLANG_ENABLE_OBJC_WEAK = YES;
				CLANG_WARN_BLOCK_CAPTURE_AUTORELEASING = YES;
				CLANG_WARN_BOOL_CONVERSION = YES;
				CLANG_WARN_COMMA = YES;
				CLANG_WARN_CONSTANT_CONVERSION = YES;
				CLANG_WARN_DEPRECATED_OBJC_IMPLEMENTATIONS = YES;
				CLANG_WARN_DIRECT_OBJC_ISA_USAGE = YES_ERROR;
				CLANG_WARN_DOCUMENTATION_COMMENTS = YES;
				CLANG_WARN_EMPTY_BODY = YES;
				CLANG_WARN_ENUM_CONVERSION = YES;
				CLANG_WARN_INFINITE_RECURSION = YES;
				CLANG_WARN_INT_CONVERSION = YES;
				CLANG_WARN_NON_LITERAL_NULL_CONVERSION = YES;
				CLANG_WARN_OBJC_IMPLICIT_RETAIN_SELF = YES;
				CLANG_WARN_OBJC_LITERAL_CONVERSION = YES;
				CLANG_WARN_OBJC_ROOT_CLASS = YES_ERROR;
				CLANG_WARN_RANGE_LOOP_ANALYSIS = YES;
				CLANG_WARN_STRICT_PROTOTYPES = YES;
				CLANG_WARN_SUSPICIOUS_MOVE = YES;
				CLANG_WARN_UNGUARDED_AVAILABILITY = YES_AGGRESSIVE;
				CLANG_WARN_UNREACHABLE_CODE = YES;
				CLANG_WARN__DUPLICATE_METHOD_MATCH = YES;
				CODE_SIGN_IDENTITY = "iPhone Developer";
				COPY_PHASE_STRIP = NO;
				DEBUG_INFORMATION_FORMAT = "dwarf-with-dsym";
				ENABLE_NS_ASSERTIONS = NO;
				ENABLE_STRICT_OBJC_MSGSEND = YES;
				GCC_C_LANGUAGE_STANDARD = gnu11;
				GCC_NO_COMMON_BLOCKS = YES;
				GCC_WARN_64_TO_32_BIT_CONVERSION = YES;
				GCC_WARN_ABOUT_RETURN_TYPE = YES_ERROR;
				GCC_WARN_UNDECLARED_SELECTOR = YES;
				GCC_WARN_UNINITIALIZED_AUTOS = YES_AGGRESSIVE;
				GCC_WARN_UNUSED_FUNCTION = YES;
				GCC_WARN_UNUSED_VARIABLE = YES;
				IPHONEOS_DEPLOYMENT_TARGET = 12.1;
				MTL_ENABLE_DEBUG_INFO = NO;
				MTL_FAST_MATH = YES;
				SDKROOT = iphoneos;
				SWIFT_COMPILATION_MODE = wholemodule;
				SWIFT_OPTIMIZATION_LEVEL = "-O";
				VALIDATE_PRODUCT = YES;
			};
			name = Release;
		};
		493824AB2204F1C900B4FFEA /* Debug */ = {
			isa = XCBuildConfiguration;
			baseConfigurationReference = 69F3D243676D9D0C4F8240CB /* Pods-Flash.debug.xcconfig */;
			buildSettings = {
				ASSETCATALOG_COMPILER_APPICON_NAME = AppIcon;
				CODE_SIGN_STYLE = Automatic;
				DEVELOPMENT_TEAM = 322WP4362D;
				INFOPLIST_FILE = Flash/Info.plist;
				LD_RUNPATH_SEARCH_PATHS = (
					"$(inherited)",
					"@executable_path/Frameworks",
				);
				PRODUCT_BUNDLE_IDENTIFIER = net.4DWare.Flash;
				PRODUCT_NAME = "$(TARGET_NAME)";
				SWIFT_VERSION = 5.0;
				TARGETED_DEVICE_FAMILY = "1,2";
			};
			name = Debug;
		};
		493824AC2204F1C900B4FFEA /* Release */ = {
			isa = XCBuildConfiguration;
			baseConfigurationReference = BC3B42681844013D6BC5E977 /* Pods-Flash.release.xcconfig */;
			buildSettings = {
				ASSETCATALOG_COMPILER_APPICON_NAME = AppIcon;
				CODE_SIGN_STYLE = Automatic;
				DEVELOPMENT_TEAM = 322WP4362D;
				INFOPLIST_FILE = Flash/Info.plist;
				LD_RUNPATH_SEARCH_PATHS = (
					"$(inherited)",
					"@executable_path/Frameworks",
				);
				PRODUCT_BUNDLE_IDENTIFIER = net.4DWare.Flash;
				PRODUCT_NAME = "$(TARGET_NAME)";
				SWIFT_VERSION = 5.0;
				TARGETED_DEVICE_FAMILY = "1,2";
			};
			name = Release;
		};
		493824AE2204F1C900B4FFEA /* Debug */ = {
			isa = XCBuildConfiguration;
			baseConfigurationReference = 9C5807DD6B1E8B98AE59DA73 /* Pods-FlashTests.debug.xcconfig */;
			buildSettings = {
				ALWAYS_EMBED_SWIFT_STANDARD_LIBRARIES = YES;
				BUNDLE_LOADER = "$(TEST_HOST)";
				CODE_SIGN_STYLE = Automatic;
				DEVELOPMENT_TEAM = 322WP4362D;
				INFOPLIST_FILE = FlashTests/Info.plist;
				LD_RUNPATH_SEARCH_PATHS = (
					"$(inherited)",
					"@executable_path/Frameworks",
					"@loader_path/Frameworks",
				);
				PRODUCT_BUNDLE_IDENTIFIER = net.4DWare.FlashTests;
				PRODUCT_NAME = "$(TARGET_NAME)";
				SWIFT_VERSION = 4.2;
				TARGETED_DEVICE_FAMILY = "1,2";
				TEST_HOST = "$(BUILT_PRODUCTS_DIR)/Flash.app/Flash";
			};
			name = Debug;
		};
		493824AF2204F1C900B4FFEA /* Release */ = {
			isa = XCBuildConfiguration;
			baseConfigurationReference = D09178816DCAA4D2FC7A862C /* Pods-FlashTests.release.xcconfig */;
			buildSettings = {
				ALWAYS_EMBED_SWIFT_STANDARD_LIBRARIES = YES;
				BUNDLE_LOADER = "$(TEST_HOST)";
				CODE_SIGN_STYLE = Automatic;
				DEVELOPMENT_TEAM = 322WP4362D;
				INFOPLIST_FILE = FlashTests/Info.plist;
				LD_RUNPATH_SEARCH_PATHS = (
					"$(inherited)",
					"@executable_path/Frameworks",
					"@loader_path/Frameworks",
				);
				PRODUCT_BUNDLE_IDENTIFIER = net.4DWare.FlashTests;
				PRODUCT_NAME = "$(TARGET_NAME)";
				SWIFT_VERSION = 4.2;
				TARGETED_DEVICE_FAMILY = "1,2";
				TEST_HOST = "$(BUILT_PRODUCTS_DIR)/Flash.app/Flash";
			};
			name = Release;
		};
/* End XCBuildConfiguration section */

/* Begin XCConfigurationList section */
		493824882204F1C300B4FFEA /* Build configuration list for PBXProject "Flash" */ = {
			isa = XCConfigurationList;
			buildConfigurations = (
				493824A82204F1C900B4FFEA /* Debug */,
				493824A92204F1C900B4FFEA /* Release */,
			);
			defaultConfigurationIsVisible = 0;
			defaultConfigurationName = Release;
		};
		493824AA2204F1C900B4FFEA /* Build configuration list for PBXNativeTarget "Flash" */ = {
			isa = XCConfigurationList;
			buildConfigurations = (
				493824AB2204F1C900B4FFEA /* Debug */,
				493824AC2204F1C900B4FFEA /* Release */,
			);
			defaultConfigurationIsVisible = 0;
			defaultConfigurationName = Release;
		};
		493824AD2204F1C900B4FFEA /* Build configuration list for PBXNativeTarget "FlashTests" */ = {
			isa = XCConfigurationList;
			buildConfigurations = (
				493824AE2204F1C900B4FFEA /* Debug */,
				493824AF2204F1C900B4FFEA /* Release */,
			);
			defaultConfigurationIsVisible = 0;
			defaultConfigurationName = Release;
		};
/* End XCConfigurationList section */
	};
	rootObject = 493824852204F1C300B4FFEA /* Project object */;
}
